
Microsoft Visual Studio Solution File, Format Version 12.00
# Visual Studio 15
Project("{FAE04EC0-301F-11D3-BF4B-00C04F79EFBC}") = "UltimateEditorEnhancer-Editor", "UltimateEditorEnhancer-Editor.csproj", "{4152275B-EE5B-396B-CA14-3E1D18728BB4}"
EndProject
Project("{FAE04EC0-301F-11D3-BF4B-00C04F79EFBC}") = "Assembly-CSharp", "Assembly-CSharp.csproj", "{C48AD5A2-76BC-9E9F-F293-983BA364E504}"
EndProject
Project("{FAE04EC0-301F-11D3-BF4B-00C04F79EFBC}") = "UltimateEditorEnhancer", "UltimateEditorEnhancer.csproj", "{A1105B55-098B-1584-22B3-735D497C8B4F}"
EndProject
Project("{FAE04EC0-301F-11D3-BF4B-00C04F79EFBC}") = "Assembly-CSharp-firstpass", "Assembly-CSharp-firstpass.csproj", "{55A3178D-9D2A-F87B-F752-36F8668F2E69}"
EndProject
Project("{FAE04EC0-301F-11D3-BF4B-00C04F79EFBC}") = "Assembly-CSharp-Editor-firstpass", "Assembly-CSharp-Editor-firstpass.csproj", "{BD8BA1E5-BD23-BB11-3A23-CED38867AAF2}"
EndProject
Global
	GlobalSection(SolutionConfigurationPlatforms) = preSolution
		Debug|Any CPU = Debug|Any CPU
		Release|Any CPU = Release|Any CPU
	EndGlobalSection
	GlobalSection(ProjectConfigurationPlatforms) = postSolution
		{4152275B-EE5B-396B-CA14-3E1D18728BB4}.Debug|Any CPU.ActiveCfg = Debug|Any CPU
		{4152275B-EE5B-396B-CA14-3E1D18728BB4}.Debug|Any CPU.Build.0 = Debug|Any CPU
		{4152275B-EE5B-396B-CA14-3E1D18728BB4}.Release|Any CPU.ActiveCfg = Release|Any CPU
		{4152275B-EE5B-396B-CA14-3E1D18728BB4}.Release|Any CPU.Build.0 = Release|Any CPU
		{C48AD5A2-76BC-9E9F-F293-983BA364E504}.Debug|Any CPU.ActiveCfg = Debug|Any CPU
		{C48AD5A2-76BC-9E9F-F293-983BA364E504}.Debug|Any CPU.Build.0 = Debug|Any CPU
		{C48AD5A2-76BC-9E9F-F293-983BA364E504}.Release|Any CPU.ActiveCfg = Release|Any CPU
		{C48AD5A2-76BC-9E9F-F293-983BA364E504}.Release|Any CPU.Build.0 = Release|Any CPU
		{A1105B55-098B-1584-22B3-735D497C8B4F}.Debug|Any CPU.ActiveCfg = Debug|Any CPU
		{A1105B55-098B-1584-22B3-735D497C8B4F}.Debug|Any CPU.Build.0 = Debug|Any CPU
		{A1105B55-098B-1584-22B3-735D497C8B4F}.Release|Any CPU.ActiveCfg = Release|Any CPU
		{A1105B55-098B-1584-22B3-735D497C8B4F}.Release|Any CPU.Build.0 = Release|Any CPU
		{55A3178D-9D2A-F87B-F752-36F8668F2E69}.Debug|Any CPU.ActiveCfg = Debug|Any CPU
		{55A3178D-9D2A-F87B-F752-36F8668F2E69}.Debug|Any CPU.Build.0 = Debug|Any CPU
		{55A3178D-9D2A-F87B-F752-36F8668F2E69}.Release|Any CPU.ActiveCfg = Release|Any CPU
		{55A3178D-9D2A-F87B-F752-36F8668F2E69}.Release|Any CPU.Build.0 = Release|Any CPU
		{BD8BA1E5-BD23-BB11-3A23-CED38867AAF2}.Debug|Any CPU.ActiveCfg = Debug|Any CPU
		{BD8BA1E5-BD23-BB11-3A23-CED38867AAF2}.Debug|Any CPU.Build.0 = Debug|Any CPU
		{BD8BA1E5-BD23-BB11-3A23-CED38867AAF2}.Release|Any CPU.ActiveCfg = Release|Any CPU
		{BD8BA1E5-BD23-BB11-3A23-CED38867AAF2}.Release|Any CPU.Build.0 = Release|Any CPU
	EndGlobalSection
	GlobalSection(SolutionProperties) = preSolution
		HideSolutionNode = FALSE
	EndGlobalSection
EndGlobal
